# THIS IS AN AUTOGENERATED FILE. DO NOT EDIT THIS FILE DIRECTLY.
# yarn lockfile v1


"@remix-run/router@1.5.0":
  version "1.5.0"
  resolved "https://registry.yarnpkg.com/@remix-run/router/-/router-1.5.0.tgz#57618e57942a5f0131374a9fdb0167e25a117fdc"
  integrity sha512-bkUDCp8o1MvFO+qxkODcbhSqRa6P2GXgrGZVpt0dCXNW2HCSCqYI0ZoAqEOSAjRWmmlKcYgFvN4B4S+zo/f8kg==

"@tanstack/match-sorter-utils@8.8.4":
  version "8.8.4"
  resolved "https://registry.yarnpkg.com/@tanstack/match-sorter-utils/-/match-sorter-utils-8.8.4.tgz#0b2864d8b7bac06a9f84cb903d405852cc40a457"
  integrity sha512-rKH8LjZiszWEvmi01NR72QWZ8m4xmXre0OOwlRGnjU01Eqz/QnN+cqpty2PJ0efHblq09+KilvyR7lsbzmXVEw==
  dependencies:
    remove-accents "0.4.2"

"@tanstack/react-table@8.8.5":
  version "8.8.5"
  resolved "https://registry.yarnpkg.com/@tanstack/react-table/-/react-table-8.8.5.tgz#d345fd855bb8067cd32b7a9b5231bdefd9cbde55"
  integrity sha512-g/t21E/ICHvaCOJOhsDNr5QaB/6aDQEHFbx/YliwwU/CJThMqG+dS28vnToIBV/5MBgpeXoGRi2waDJVJlZrtg==
  dependencies:
    "@tanstack/table-core" "8.8.5"

"@tanstack/react-virtual@3.0.0-beta.54":
  version "3.0.0-beta.54"
  resolved "https://registry.yarnpkg.com/@tanstack/react-virtual/-/react-virtual-3.0.0-beta.54.tgz#755979455adf13f2584937204a3f38703e446037"
  integrity sha512-D1mDMf4UPbrtHRZZriCly5bXTBMhylslm4dhcHqTtDJ6brQcgGmk8YD9JdWBGWfGSWPKoh2x1H3e7eh+hgPXtQ==
  dependencies:
    "@tanstack/virtual-core" "3.0.0-beta.54"

"@tanstack/table-core@8.8.5":
  version "8.8.5"
  resolved "https://registry.yarnpkg.com/@tanstack/table-core/-/table-core-8.8.5.tgz#4d75b452a9989a273174df1b9249157292a15bd5"
  integrity sha512-Xnwa1qxpgvSW7ozLiexmKp2PIYcLBiY/IizbdGriYCL6OOHuZ9baRhrrH51zjyz+61ly6K59rmt6AI/3RR+97Q==

"@tanstack/virtual-core@3.0.0-beta.54":
  version "3.0.0-beta.54"
  resolved "https://registry.yarnpkg.com/@tanstack/virtual-core/-/virtual-core-3.0.0-beta.54.tgz#12259d007911ad9fce1388385c54a9141f4ecdc4"
  integrity sha512-jtkwqdP2rY2iCCDVAFuaNBH3fiEi29aTn2RhtIoky8DTTiCdc48plpHHreLwmv1PICJ4AJUUESaq3xa8fZH8+g==

highlight-words@1.2.1:
  version "1.2.1"
  resolved "https://registry.yarnpkg.com/highlight-words/-/highlight-words-1.2.1.tgz#6de4194bb28fc647431859af7c50531bb93af80e"
  integrity sha512-FtF50tuaaYathtSPFk5FwGf0Zex5iqNsTx/OsVM6mdsB3xqs5nM+PAoPWs/gIUxGF3/Qqu2v86sAUenTh6oL3Q==

material-react-table@^1.10.0:
  version "1.10.0"
  resolved "https://registry.yarnpkg.com/material-react-table/-/material-react-table-1.10.0.tgz#8f537e50ea2a43538c08ba0ccf29d299c8afa9f1"
  integrity sha512-MGoE9tm9hg48XLMWVw3VYVqsl3wBHNNC1byBrMsMylYAQl0gf4J6AfYYVNEXc0zWiTU3Ri7gczL1V0PF5GQb9Q==
  dependencies:
    "@tanstack/match-sorter-utils" "8.8.4"
    "@tanstack/react-table" "8.8.5"
    "@tanstack/react-virtual" "3.0.0-beta.54"
    highlight-words "1.2.1"

react-router-dom@^6.10.0:
  version "6.10.0"
  resolved "https://registry.yarnpkg.com/react-router-dom/-/react-router-dom-6.10.0.tgz#090ddc5c84dc41b583ce08468c4007c84245f61f"
  integrity sha512-E5dfxRPuXKJqzwSe/qGcqdwa18QiWC6f3H3cWXM24qj4N0/beCIf/CWTipop2xm7mR0RCS99NnaqPNjHtrAzCg==
  dependencies:
    "@remix-run/router" "1.5.0"
    react-router "6.10.0"

react-router@6.10.0:
  version "6.10.0"
  resolved "https://registry.yarnpkg.com/react-router/-/react-router-6.10.0.tgz#230f824fde9dd0270781b5cb497912de32c0a971"
  integrity sha512-Nrg0BWpQqrC3ZFFkyewrflCud9dio9ME3ojHCF/WLsprJVzkq3q3UeEhMCAW1dobjeGbWgjNn/PVF6m46ANxXQ==
  dependencies:
    "@remix-run/router" "1.5.0"

remove-accents@0.4.2:
  version "0.4.2"
  resolved "https://registry.yarnpkg.com/remove-accents/-/remove-accents-0.4.2.tgz#0a43d3aaae1e80db919e07ae254b285d9e1c7bb5"
  integrity sha512-7pXIJqJOq5tFgG1A2Zxti3Ht8jJF337m4sowbuHsW30ZnkQFnDzy9qBNhgzX8ZLW4+UBcXiiR7SwR6pokHsxiA==
